// !$*UTF8*$!
{
	archiveVersion = 1;
	classes = {
	};
	objectVersion = 50;
	objects = {

/* Begin PBXBuildFile section */
		9540156125059BBF008643B6 /* GalleryInteractorTests.swift in Sources */ = {isa = PBXBuildFile; fileRef = 9540156025059BBF008643B6 /* GalleryInteractorTests.swift */; };
		9540156325059E2E008643B6 /* GalleryPresenterTests.swift in Sources */ = {isa = PBXBuildFile; fileRef = 9540156225059E2E008643B6 /* GalleryPresenterTests.swift */; };
		954015672505B5D5008643B6 /* Photos.json in Resources */ = {isa = PBXBuildFile; fileRef = 954015662505B5D5008643B6 /* Photos.json */; };
		9540156C2505C189008643B6 /* FlickrClientTests.swift in Sources */ = {isa = PBXBuildFile; fileRef = 9540156B2505C189008643B6 /* FlickrClientTests.swift */; };
		954015742505DD41008643B6 /* MockPhotoEnvelop.swift in Sources */ = {isa = PBXBuildFile; fileRef = 954015732505DD41008643B6 /* MockPhotoEnvelop.swift */; };
		954015782505E7A9008643B6 /* PhotoPresenterTests.swift in Sources */ = {isa = PBXBuildFile; fileRef = 954015772505E7A9008643B6 /* PhotoPresenterTests.swift */; };
		9540157C2505EA8F008643B6 /* MockClient.swift in Sources */ = {isa = PBXBuildFile; fileRef = 9540157B2505EA8F008643B6 /* MockClient.swift */; };
		9540157E2505F429008643B6 /* Photos.swift in Sources */ = {isa = PBXBuildFile; fileRef = 9540157D2505F429008643B6 /* Photos.swift */; };
		954015802505F466008643B6 /* Photo.swift in Sources */ = {isa = PBXBuildFile; fileRef = 9540157F2505F466008643B6 /* Photo.swift */; };
		9540158225072C7F008643B6 /* URL+Queries.swift in Sources */ = {isa = PBXBuildFile; fileRef = 9540158125072C7F008643B6 /* URL+Queries.swift */; };
		95DDFE9024FF1FEF00CD05D4 /* PhotoPresenter.swift in Sources */ = {isa = PBXBuildFile; fileRef = 95DDFE8F24FF1FEF00CD05D4 /* PhotoPresenter.swift */; };
		95DDFE9D24FF480B00CD05D4 /* PhotoViewController.swift in Sources */ = {isa = PBXBuildFile; fileRef = 95DDFE9C24FF480B00CD05D4 /* PhotoViewController.swift */; };
		95DDFE9F25006CD400CD05D4 /* UIImageView+Load.swift in Sources */ = {isa = PBXBuildFile; fileRef = 95DDFE9E25006CD400CD05D4 /* UIImageView+Load.swift */; };
		95E8BFE024FCC09000F31533 /* FlickrClient.swift in Sources */ = {isa = PBXBuildFile; fileRef = 95E8BFDF24FCC09000F31533 /* FlickrClient.swift */; };
		95E8BFE224FCD81D00F31533 /* InteractorState.swift in Sources */ = {isa = PBXBuildFile; fileRef = 95E8BFE124FCD81D00F31533 /* InteractorState.swift */; };
		95F164DD24F784B700843233 /* AppDelegate.swift in Sources */ = {isa = PBXBuildFile; fileRef = 95F164DC24F784B700843233 /* AppDelegate.swift */; };
		95F164DF24F784B700843233 /* SceneDelegate.swift in Sources */ = {isa = PBXBuildFile; fileRef = 95F164DE24F784B700843233 /* SceneDelegate.swift */; };
		95F164E124F784B700843233 /* GalleryViewController.swift in Sources */ = {isa = PBXBuildFile; fileRef = 95F164E024F784B700843233 /* GalleryViewController.swift */; };
		95F164E424F784B700843233 /* Main.storyboard in Resources */ = {isa = PBXBuildFile; fileRef = 95F164E224F784B700843233 /* Main.storyboard */; };
		95F164E624F784B800843233 /* Assets.xcassets in Resources */ = {isa = PBXBuildFile; fileRef = 95F164E524F784B800843233 /* Assets.xcassets */; };
		95F164E924F784B800843233 /* LaunchScreen.storyboard in Resources */ = {isa = PBXBuildFile; fileRef = 95F164E724F784B800843233 /* LaunchScreen.storyboard */; };
		95F164F124F7858F00843233 /* GalleryInteractor.swift in Sources */ = {isa = PBXBuildFile; fileRef = 95F164F024F7858F00843233 /* GalleryInteractor.swift */; };
		95F164F524F7877C00843233 /* PhotoEnvelop.swift in Sources */ = {isa = PBXBuildFile; fileRef = 95F164F424F7877C00843233 /* PhotoEnvelop.swift */; };
		95F164F724F86F1600843233 /* GalleryPresenter.swift in Sources */ = {isa = PBXBuildFile; fileRef = 95F164F624F86F1600843233 /* GalleryPresenter.swift */; };
		95F2943A24FDD8090013F9F2 /* ImageViewCell.swift in Sources */ = {isa = PBXBuildFile; fileRef = 95F2943924FDD8090013F9F2 /* ImageViewCell.swift */; };
		95F6183C2509B94C00D239E1 /* MockURLProtocol.swift in Sources */ = {isa = PBXBuildFile; fileRef = 95F6183B2509B94C00D239E1 /* MockURLProtocol.swift */; };
		95F6183E2509BF4B00D239E1 /* MockBaseURL.swift in Sources */ = {isa = PBXBuildFile; fileRef = 95F6183D2509BF4B00D239E1 /* MockBaseURL.swift */; };
		95F618402509D48200D239E1 /* MockURLSession.swift in Sources */ = {isa = PBXBuildFile; fileRef = 95F6183F2509D48200D239E1 /* MockURLSession.swift */; };
		95F618422509DA9B00D239E1 /* PhotoEnvelop.json in Sources */ = {isa = PBXBuildFile; fileRef = 95F618412509DA9B00D239E1 /* PhotoEnvelop.json */; };
		95F618452509E37500D239E1 /* PhotoEnvelop.json in Resources */ = {isa = PBXBuildFile; fileRef = 95F618412509DA9B00D239E1 /* PhotoEnvelop.json */; };
		95F618472509F55F00D239E1 /* Photos.json in Resources */ = {isa = PBXBuildFile; fileRef = 954015662505B5D5008643B6 /* Photos.json */; };
		95F618492509F68200D239E1 /* Bundle+Fixture.swift in Sources */ = {isa = PBXBuildFile; fileRef = 95F618482509F68200D239E1 /* Bundle+Fixture.swift */; };
/* End PBXBuildFile section */

/* Begin PBXContainerItemProxy section */
		9540155B25059B2A008643B6 /* PBXContainerItemProxy */ = {
			isa = PBXContainerItemProxy;
			containerPortal = 95F164D124F784B700843233 /* Project object */;
			proxyType = 1;
			remoteGlobalIDString = 95F164D824F784B700843233;
			remoteInfo = "flickr-room";
		};
/* End PBXContainerItemProxy section */

/* Begin PBXFileReference section */
		9540155625059B2A008643B6 /* flickr-roomTests.xctest */ = {isa = PBXFileReference; explicitFileType = wrapper.cfbundle; includeInIndex = 0; path = "flickr-roomTests.xctest"; sourceTree = BUILT_PRODUCTS_DIR; };
		9540155A25059B2A008643B6 /* Info.plist */ = {isa = PBXFileReference; lastKnownFileType = text.plist.xml; path = Info.plist; sourceTree = "<group>"; };
		9540156025059BBF008643B6 /* GalleryInteractorTests.swift */ = {isa = PBXFileReference; lastKnownFileType = sourcecode.swift; path = GalleryInteractorTests.swift; sourceTree = "<group>"; };
		9540156225059E2E008643B6 /* GalleryPresenterTests.swift */ = {isa = PBXFileReference; lastKnownFileType = sourcecode.swift; path = GalleryPresenterTests.swift; sourceTree = "<group>"; };
		954015662505B5D5008643B6 /* Photos.json */ = {isa = PBXFileReference; lastKnownFileType = text.json; path = Photos.json; sourceTree = "<group>"; };
		9540156B2505C189008643B6 /* FlickrClientTests.swift */ = {isa = PBXFileReference; lastKnownFileType = sourcecode.swift; path = FlickrClientTests.swift; sourceTree = "<group>"; };
		954015732505DD41008643B6 /* MockPhotoEnvelop.swift */ = {isa = PBXFileReference; lastKnownFileType = sourcecode.swift; path = MockPhotoEnvelop.swift; sourceTree = "<group>"; };
		954015772505E7A9008643B6 /* PhotoPresenterTests.swift */ = {isa = PBXFileReference; lastKnownFileType = sourcecode.swift; path = PhotoPresenterTests.swift; sourceTree = "<group>"; };
		9540157B2505EA8F008643B6 /* MockClient.swift */ = {isa = PBXFileReference; lastKnownFileType = sourcecode.swift; path = MockClient.swift; sourceTree = "<group>"; };
		9540157D2505F429008643B6 /* Photos.swift */ = {isa = PBXFileReference; lastKnownFileType = sourcecode.swift; path = Photos.swift; sourceTree = "<group>"; };
		9540157F2505F466008643B6 /* Photo.swift */ = {isa = PBXFileReference; lastKnownFileType = sourcecode.swift; path = Photo.swift; sourceTree = "<group>"; };
		9540158125072C7F008643B6 /* URL+Queries.swift */ = {isa = PBXFileReference; lastKnownFileType = sourcecode.swift; path = "URL+Queries.swift"; sourceTree = "<group>"; };
		95DDFE8F24FF1FEF00CD05D4 /* PhotoPresenter.swift */ = {isa = PBXFileReference; lastKnownFileType = sourcecode.swift; path = PhotoPresenter.swift; sourceTree = "<group>"; };
		95DDFE9C24FF480B00CD05D4 /* PhotoViewController.swift */ = {isa = PBXFileReference; lastKnownFileType = sourcecode.swift; path = PhotoViewController.swift; sourceTree = "<group>"; };
		95DDFE9E25006CD400CD05D4 /* UIImageView+Load.swift */ = {isa = PBXFileReference; lastKnownFileType = sourcecode.swift; path = "UIImageView+Load.swift"; sourceTree = "<group>"; };
		95E8BFDF24FCC09000F31533 /* FlickrClient.swift */ = {isa = PBXFileReference; lastKnownFileType = sourcecode.swift; path = FlickrClient.swift; sourceTree = "<group>"; };
		95E8BFE124FCD81D00F31533 /* InteractorState.swift */ = {isa = PBXFileReference; lastKnownFileType = sourcecode.swift; path = InteractorState.swift; sourceTree = "<group>"; };
		95F164D924F784B700843233 /* flickr-room.app */ = {isa = PBXFileReference; explicitFileType = wrapper.application; includeInIndex = 0; path = "flickr-room.app"; sourceTree = BUILT_PRODUCTS_DIR; };
		95F164DC24F784B700843233 /* AppDelegate.swift */ = {isa = PBXFileReference; lastKnownFileType = sourcecode.swift; path = AppDelegate.swift; sourceTree = "<group>"; };
		95F164DE24F784B700843233 /* SceneDelegate.swift */ = {isa = PBXFileReference; lastKnownFileType = sourcecode.swift; path = SceneDelegate.swift; sourceTree = "<group>"; };
		95F164E024F784B700843233 /* GalleryViewController.swift */ = {isa = PBXFileReference; lastKnownFileType = sourcecode.swift; path = GalleryViewController.swift; sourceTree = "<group>"; };
		95F164E324F784B700843233 /* Base */ = {isa = PBXFileReference; lastKnownFileType = file.storyboard; name = Base; path = Base.lproj/Main.storyboard; sourceTree = "<group>"; };
		95F164E524F784B800843233 /* Assets.xcassets */ = {isa = PBXFileReference; lastKnownFileType = folder.assetcatalog; path = Assets.xcassets; sourceTree = "<group>"; };
		95F164E824F784B800843233 /* Base */ = {isa = PBXFileReference; lastKnownFileType = file.storyboard; name = Base; path = Base.lproj/LaunchScreen.storyboard; sourceTree = "<group>"; };
		95F164EA24F784B800843233 /* Info.plist */ = {isa = PBXFileReference; lastKnownFileType = text.plist.xml; path = Info.plist; sourceTree = "<group>"; };
		95F164F024F7858F00843233 /* GalleryInteractor.swift */ = {isa = PBXFileReference; lastKnownFileType = sourcecode.swift; path = GalleryInteractor.swift; sourceTree = "<group>"; };
		95F164F424F7877C00843233 /* PhotoEnvelop.swift */ = {isa = PBXFileReference; lastKnownFileType = sourcecode.swift; path = PhotoEnvelop.swift; sourceTree = "<group>"; };
		95F164F624F86F1600843233 /* GalleryPresenter.swift */ = {isa = PBXFileReference; lastKnownFileType = sourcecode.swift; path = GalleryPresenter.swift; sourceTree = "<group>"; };
		95F2943924FDD8090013F9F2 /* ImageViewCell.swift */ = {isa = PBXFileReference; lastKnownFileType = sourcecode.swift; path = ImageViewCell.swift; sourceTree = "<group>"; };
		95F6183B2509B94C00D239E1 /* MockURLProtocol.swift */ = {isa = PBXFileReference; lastKnownFileType = sourcecode.swift; path = MockURLProtocol.swift; sourceTree = "<group>"; };
		95F6183D2509BF4B00D239E1 /* MockBaseURL.swift */ = {isa = PBXFileReference; lastKnownFileType = sourcecode.swift; path = MockBaseURL.swift; sourceTree = "<group>"; };
		95F6183F2509D48200D239E1 /* MockURLSession.swift */ = {isa = PBXFileReference; lastKnownFileType = sourcecode.swift; path = MockURLSession.swift; sourceTree = "<group>"; };
		95F618412509DA9B00D239E1 /* PhotoEnvelop.json */ = {isa = PBXFileReference; lastKnownFileType = text.json; path = PhotoEnvelop.json; sourceTree = "<group>"; };
		95F618482509F68200D239E1 /* Bundle+Fixture.swift */ = {isa = PBXFileReference; lastKnownFileType = sourcecode.swift; path = "Bundle+Fixture.swift"; sourceTree = "<group>"; };
/* End PBXFileReference section */

/* Begin PBXFrameworksBuildPhase section */
		9540155325059B2A008643B6 /* Frameworks */ = {
			isa = PBXFrameworksBuildPhase;
			buildActionMask = 2147483647;
			files = (
			);
			runOnlyForDeploymentPostprocessing = 0;
		};
		95F164D624F784B700843233 /* Frameworks */ = {
			isa = PBXFrameworksBuildPhase;
			buildActionMask = 2147483647;
			files = (
			);
			runOnlyForDeploymentPostprocessing = 0;
		};
/* End PBXFrameworksBuildPhase section */

/* Begin PBXGroup section */
		9540155725059B2A008643B6 /* flickr-roomTests */ = {
			isa = PBXGroup;
			children = (
				9540155A25059B2A008643B6 /* Info.plist */,
				9540156025059BBF008643B6 /* GalleryInteractorTests.swift */,
				954015772505E7A9008643B6 /* PhotoPresenterTests.swift */,
				9540156225059E2E008643B6 /* GalleryPresenterTests.swift */,
				9540156B2505C189008643B6 /* FlickrClientTests.swift */,
				9540157A2505EA69008643B6 /* Mocks */,
				954015762505E67A008643B6 /* Responses */,
				95F6184A2509F76200D239E1 /* Extensions */,
			);
			path = "flickr-roomTests";
			sourceTree = "<group>";
		};
		954015762505E67A008643B6 /* Responses */ = {
			isa = PBXGroup;
			children = (
				954015662505B5D5008643B6 /* Photos.json */,
				95F618412509DA9B00D239E1 /* PhotoEnvelop.json */,
			);
			path = Responses;
			sourceTree = "<group>";
		};
		9540157A2505EA69008643B6 /* Mocks */ = {
			isa = PBXGroup;
			children = (
				954015732505DD41008643B6 /* MockPhotoEnvelop.swift */,
				95F6183D2509BF4B00D239E1 /* MockBaseURL.swift */,
				9540157B2505EA8F008643B6 /* MockClient.swift */,
				95F6183B2509B94C00D239E1 /* MockURLProtocol.swift */,
				95F6183F2509D48200D239E1 /* MockURLSession.swift */,
			);
			path = Mocks;
			sourceTree = "<group>";
		};
		95DDFE9324FF25F800CD05D4 /* Interactors */ = {
			isa = PBXGroup;
			children = (
				95E8BFE124FCD81D00F31533 /* InteractorState.swift */,
				95F164F024F7858F00843233 /* GalleryInteractor.swift */,
			);
			path = Interactors;
			sourceTree = "<group>";
		};
		95DDFE9424FF261400CD05D4 /* Presenters */ = {
			isa = PBXGroup;
			children = (
				95F164F624F86F1600843233 /* GalleryPresenter.swift */,
				95DDFE8F24FF1FEF00CD05D4 /* PhotoPresenter.swift */,
			);
			path = Presenters;
			sourceTree = "<group>";
		};
		95DDFE9624FF266F00CD05D4 /* Controllers */ = {
			isa = PBXGroup;
			children = (
				95F164E024F784B700843233 /* GalleryViewController.swift */,
				95DDFE9C24FF480B00CD05D4 /* PhotoViewController.swift */,
			);
			path = Controllers;
			sourceTree = "<group>";
		};
		95DDFE9724FF269300CD05D4 /* Models */ = {
			isa = PBXGroup;
			children = (
				95F164F424F7877C00843233 /* PhotoEnvelop.swift */,
				9540157D2505F429008643B6 /* Photos.swift */,
				9540157F2505F466008643B6 /* Photo.swift */,
			);
			path = Models;
			sourceTree = "<group>";
		};
		95DDFE9824FF26BC00CD05D4 /* Storyboards */ = {
			isa = PBXGroup;
			children = (
				95F164E224F784B700843233 /* Main.storyboard */,
				95F164E724F784B800843233 /* LaunchScreen.storyboard */,
			);
			path = Storyboards;
			sourceTree = "<group>";
		};
		95DDFE9B24FF270800CD05D4 /* Clients */ = {
			isa = PBXGroup;
			children = (
				95E8BFDF24FCC09000F31533 /* FlickrClient.swift */,
			);
			path = Clients;
			sourceTree = "<group>";
		};
		95DDFEA025006CD900CD05D4 /* Extensions */ = {
			isa = PBXGroup;
			children = (
				95DDFE9E25006CD400CD05D4 /* UIImageView+Load.swift */,
				9540158125072C7F008643B6 /* URL+Queries.swift */,
			);
			path = Extensions;
			sourceTree = "<group>";
		};
		95F164D024F784B700843233 = {
			isa = PBXGroup;
			children = (
				95F164DB24F784B700843233 /* flickr-room */,
				9540155725059B2A008643B6 /* flickr-roomTests */,
				95F164DA24F784B700843233 /* Products */,
			);
			sourceTree = "<group>";
		};
		95F164DA24F784B700843233 /* Products */ = {
			isa = PBXGroup;
			children = (
				95F164D924F784B700843233 /* flickr-room.app */,
				9540155625059B2A008643B6 /* flickr-roomTests.xctest */,
			);
			name = Products;
			sourceTree = "<group>";
		};
		95F164DB24F784B700843233 /* flickr-room */ = {
			isa = PBXGroup;
			children = (
				95F164DC24F784B700843233 /* AppDelegate.swift */,
				95F164DE24F784B700843233 /* SceneDelegate.swift */,
				95F2943924FDD8090013F9F2 /* ImageViewCell.swift */,
				95DDFE9B24FF270800CD05D4 /* Clients */,
				95DDFE9624FF266F00CD05D4 /* Controllers */,
				95DDFE9424FF261400CD05D4 /* Presenters */,
				95DDFE9324FF25F800CD05D4 /* Interactors */,
				95DDFE9724FF269300CD05D4 /* Models */,
				95DDFEA025006CD900CD05D4 /* Extensions */,
				95DDFE9824FF26BC00CD05D4 /* Storyboards */,
				95F164E524F784B800843233 /* Assets.xcassets */,
				95F164EA24F784B800843233 /* Info.plist */,
			);
			path = "flickr-room";
			sourceTree = "<group>";
		};
		95F6184A2509F76200D239E1 /* Extensions */ = {
			isa = PBXGroup;
			children = (
				95F618482509F68200D239E1 /* Bundle+Fixture.swift */,
			);
			path = Extensions;
			sourceTree = "<group>";
		};
/* End PBXGroup section */

/* Begin PBXNativeTarget section */
		9540155525059B2A008643B6 /* flickr-roomTests */ = {
			isa = PBXNativeTarget;
			buildConfigurationList = 9540155D25059B2A008643B6 /* Build configuration list for PBXNativeTarget "flickr-roomTests" */;
			buildPhases = (
				9540155225059B2A008643B6 /* Sources */,
				9540155325059B2A008643B6 /* Frameworks */,
				9540155425059B2A008643B6 /* Resources */,
			);
			buildRules = (
			);
			dependencies = (
				9540155C25059B2A008643B6 /* PBXTargetDependency */,
			);
			name = "flickr-roomTests";
			productName = "flickr-roomTests";
			productReference = 9540155625059B2A008643B6 /* flickr-roomTests.xctest */;
			productType = "com.apple.product-type.bundle.unit-test";
		};
		95F164D824F784B700843233 /* flickr-room */ = {
			isa = PBXNativeTarget;
			buildConfigurationList = 95F164ED24F784B800843233 /* Build configuration list for PBXNativeTarget "flickr-room" */;
			buildPhases = (
				95F164D524F784B700843233 /* Sources */,
				95F164D624F784B700843233 /* Frameworks */,
				95F164D724F784B700843233 /* Resources */,
			);
			buildRules = (
			);
			dependencies = (
			);
			name = "flickr-room";
			productName = "flickr-room";
			productReference = 95F164D924F784B700843233 /* flickr-room.app */;
			productType = "com.apple.product-type.application";
		};
/* End PBXNativeTarget section */

/* Begin PBXProject section */
		95F164D124F784B700843233 /* Project object */ = {
			isa = PBXProject;
			attributes = {
				LastSwiftUpdateCheck = 1160;
				LastUpgradeCheck = 1160;
				ORGANIZATIONNAME = "Lamphai Intathep";
				TargetAttributes = {
					9540155525059B2A008643B6 = {
						CreatedOnToolsVersion = 11.6;
						TestTargetID = 95F164D824F784B700843233;
					};
					95F164D824F784B700843233 = {
						CreatedOnToolsVersion = 11.6;
					};
				};
			};
			buildConfigurationList = 95F164D424F784B700843233 /* Build configuration list for PBXProject "flickr-room" */;
			compatibilityVersion = "Xcode 9.3";
			developmentRegion = en;
			hasScannedForEncodings = 0;
			knownRegions = (
				en,
				Base,
			);
			mainGroup = 95F164D024F784B700843233;
			productRefGroup = 95F164DA24F784B700843233 /* Products */;
			projectDirPath = "";
			projectRoot = "";
			targets = (
				95F164D824F784B700843233 /* flickr-room */,
				9540155525059B2A008643B6 /* flickr-roomTests */,
			);
		};
/* End PBXProject section */

/* Begin PBXResourcesBuildPhase section */
		9540155425059B2A008643B6 /* Resources */ = {
			isa = PBXResourcesBuildPhase;
			buildActionMask = 2147483647;
			files = (
				954015672505B5D5008643B6 /* Photos.json in Resources */,
			);
			runOnlyForDeploymentPostprocessing = 0;
		};
		95F164D724F784B700843233 /* Resources */ = {
			isa = PBXResourcesBuildPhase;
			buildActionMask = 2147483647;
			files = (
				95F164E924F784B800843233 /* LaunchScreen.storyboard in Resources */,
				95F164E624F784B800843233 /* Assets.xcassets in Resources */,
				95F618472509F55F00D239E1 /* Photos.json in Resources */,
				95F164E424F784B700843233 /* Main.storyboard in Resources */,
				95F618452509E37500D239E1 /* PhotoEnvelop.json in Resources */,
			);
			runOnlyForDeploymentPostprocessing = 0;
		};
/* End PBXResourcesBuildPhase section */

/* Begin PBXSourcesBuildPhase section */
		9540155225059B2A008643B6 /* Sources */ = {
			isa = PBXSourcesBuildPhase;
			buildActionMask = 2147483647;
			files = (
				9540157C2505EA8F008643B6 /* MockClient.swift in Sources */,
				954015782505E7A9008643B6 /* PhotoPresenterTests.swift in Sources */,
				9540156325059E2E008643B6 /* GalleryPresenterTests.swift in Sources */,
				9540156C2505C189008643B6 /* FlickrClientTests.swift in Sources */,
				95F6183E2509BF4B00D239E1 /* MockBaseURL.swift in Sources */,
				954015742505DD41008643B6 /* MockPhotoEnvelop.swift in Sources */,
				95F618492509F68200D239E1 /* Bundle+Fixture.swift in Sources */,
				95F618422509DA9B00D239E1 /* PhotoEnvelop.json in Sources */,
				95F618402509D48200D239E1 /* MockURLSession.swift in Sources */,
				95F6183C2509B94C00D239E1 /* MockURLProtocol.swift in Sources */,
				9540156125059BBF008643B6 /* GalleryInteractorTests.swift in Sources */,
			);
			runOnlyForDeploymentPostprocessing = 0;
		};
		95F164D524F784B700843233 /* Sources */ = {
			isa = PBXSourcesBuildPhase;
			buildActionMask = 2147483647;
			files = (
				9540158225072C7F008643B6 /* URL+Queries.swift in Sources */,
				954015802505F466008643B6 /* Photo.swift in Sources */,
				95DDFE9F25006CD400CD05D4 /* UIImageView+Load.swift in Sources */,
				95F164E124F784B700843233 /* GalleryViewController.swift in Sources */,
				95F2943A24FDD8090013F9F2 /* ImageViewCell.swift in Sources */,
				9540157E2505F429008643B6 /* Photos.swift in Sources */,
				95F164F724F86F1600843233 /* GalleryPresenter.swift in Sources */,
				95E8BFE024FCC09000F31533 /* FlickrClient.swift in Sources */,
				95F164F124F7858F00843233 /* GalleryInteractor.swift in Sources */,
				95DDFE9D24FF480B00CD05D4 /* PhotoViewController.swift in Sources */,
				95DDFE9024FF1FEF00CD05D4 /* PhotoPresenter.swift in Sources */,
				95F164DD24F784B700843233 /* AppDelegate.swift in Sources */,
				95F164F524F7877C00843233 /* PhotoEnvelop.swift in Sources */,
				95E8BFE224FCD81D00F31533 /* InteractorState.swift in Sources */,
				95F164DF24F784B700843233 /* SceneDelegate.swift in Sources */,
			);
			runOnlyForDeploymentPostprocessing = 0;
		};
/* End PBXSourcesBuildPhase section */

/* Begin PBXTargetDependency section */
		9540155C25059B2A008643B6 /* PBXTargetDependency */ = {
			isa = PBXTargetDependency;
			target = 95F164D824F784B700843233 /* flickr-room */;
			targetProxy = 9540155B25059B2A008643B6 /* PBXContainerItemProxy */;
		};
/* End PBXTargetDependency section */

/* Begin PBXVariantGroup section */
		95F164E224F784B700843233 /* Main.storyboard */ = {
			isa = PBXVariantGroup;
			children = (
				95F164E324F784B700843233 /* Base */,
			);
			name = Main.storyboard;
			sourceTree = "<group>";
		};
		95F164E724F784B800843233 /* LaunchScreen.storyboard */ = {
			isa = PBXVariantGroup;
			children = (
				95F164E824F784B800843233 /* Base */,
			);
			name = LaunchScreen.storyboard;
			sourceTree = "<group>";
		};
/* End PBXVariantGroup section */

/* Begin XCBuildConfiguration section */
		9540155E25059B2A008643B6 /* Debug */ = {
			isa = XCBuildConfiguration;
			buildSettings = {
				BUNDLE_LOADER = "$(TEST_HOST)";
				CODE_SIGN_STYLE = Automatic;
				INFOPLIST_FILE = "flickr-roomTests/Info.plist";
				LD_RUNPATH_SEARCH_PATHS = (
					"$(inherited)",
					"@executable_path/Frameworks",
					"@loader_path/Frameworks",
				);
				PRODUCT_BUNDLE_IDENTIFIER = "com.phai-inta.flickr-roomTests";
				PRODUCT_NAME = "$(TARGET_NAME)";
				SWIFT_VERSION = 5.0;
				TARGETED_DEVICE_FAMILY = "1,2";
				TEST_HOST = "$(BUILT_PRODUCTS_DIR)/flickr-room.app/flickr-room";
			};
			name = Debug;
		};
		9540155F25059B2A008643B6 /* Release */ = {
			isa = XCBuildConfiguration;
			buildSettings = {
				BUNDLE_LOADER = "$(TEST_HOST)";
				CODE_SIGN_STYLE = Automatic;
				INFOPLIST_FILE = "flickr-roomTests/Info.plist";
				LD_RUNPATH_SEARCH_PATHS = (
					"$(inherited)",
					"@executable_path/Frameworks",
					"@loader_path/Frameworks",
				);
				PRODUCT_BUNDLE_IDENTIFIER = "com.phai-inta.flickr-roomTests";
				PRODUCT_NAME = "$(TARGET_NAME)";
				SWIFT_VERSION = 5.0;
				TARGETED_DEVICE_FAMILY = "1,2";
				TEST_HOST = "$(BUILT_PRODUCTS_DIR)/flickr-room.app/flickr-room";
			};
			name = Release;
		};
		95F164EB24F784B800843233 /* Debug */ = {
			isa = XCBuildConfiguration;
			buildSettings = {
				ALWAYS_SEARCH_USER_PATHS = NO;
				CLANG_ANALYZER_NONNULL = YES;
				CLANG_ANALYZER_NUMBER_OBJECT_CONVERSION = YES_AGGRESSIVE;
				CLANG_CXX_LANGUAGE_STANDARD = "gnu++14";
				CLANG_CXX_LIBRARY = "libc++";
				CLANG_ENABLE_MODULES = YES;
				CLANG_ENABLE_OBJC_ARC = YES;
				CLANG_ENABLE_OBJC_WEAK = YES;
				CLANG_WARN_BLOCK_CAPTURE_AUTORELEASING = YES;
				CLANG_WARN_BOOL_CONVERSION = YES;
				CLANG_WARN_COMMA = YES;
				CLANG_WARN_CONSTANT_CONVERSION = YES;
				CLANG_WARN_DEPRECATED_OBJC_IMPLEMENTATIONS = YES;
				CLANG_WARN_DIRECT_OBJC_ISA_USAGE = YES_ERROR;
				CLANG_WARN_DOCUMENTATION_COMMENTS = YES;
				CLANG_WARN_EMPTY_BODY = YES;
				CLANG_WARN_ENUM_CONVERSION = YES;
				CLANG_WARN_INFINITE_RECURSION = YES;
				CLANG_WARN_INT_CONVERSION = YES;
				CLANG_WARN_NON_LITERAL_NULL_CONVERSION = YES;
				CLANG_WARN_OBJC_IMPLICIT_RETAIN_SELF = YES;
				CLANG_WARN_OBJC_LITERAL_CONVERSION = YES;
				CLANG_WARN_OBJC_ROOT_CLASS = YES_ERROR;
				CLANG_WARN_RANGE_LOOP_ANALYSIS = YES;
				CLANG_WARN_STRICT_PROTOTYPES = YES;
				CLANG_WARN_SUSPICIOUS_MOVE = YES;
				CLANG_WARN_UNGUARDED_AVAILABILITY = YES_AGGRESSIVE;
				CLANG_WARN_UNREACHABLE_CODE = YES;
				CLANG_WARN__DUPLICATE_METHOD_MATCH = YES;
				COPY_PHASE_STRIP = NO;
				DEBUG_INFORMATION_FORMAT = dwarf;
				ENABLE_STRICT_OBJC_MSGSEND = YES;
				ENABLE_TESTABILITY = YES;
				GCC_C_LANGUAGE_STANDARD = gnu11;
				GCC_DYNAMIC_NO_PIC = NO;
				GCC_NO_COMMON_BLOCKS = YES;
				GCC_OPTIMIZATION_LEVEL = 0;
				GCC_PREPROCESSOR_DEFINITIONS = (
					"DEBUG=1",
					"$(inherited)",
				);
				GCC_WARN_64_TO_32_BIT_CONVERSION = YES;
				GCC_WARN_ABOUT_RETURN_TYPE = YES_ERROR;
				GCC_WARN_UNDECLARED_SELECTOR = YES;
				GCC_WARN_UNINITIALIZED_AUTOS = YES_AGGRESSIVE;
				GCC_WARN_UNUSED_FUNCTION = YES;
				GCC_WARN_UNUSED_VARIABLE = YES;
				IPHONEOS_DEPLOYMENT_TARGET = 13.6;
				MTL_ENABLE_DEBUG_INFO = INCLUDE_SOURCE;
				MTL_FAST_MATH = YES;
				ONLY_ACTIVE_ARCH = YES;
				SDKROOT = iphoneos;
				SWIFT_ACTIVE_COMPILATION_CONDITIONS = DEBUG;
				SWIFT_OPTIMIZATION_LEVEL = "-Onone";
			};
			name = Debug;
		};
		95F164EC24F784B800843233 /* Release */ = {
			isa = XCBuildConfiguration;
			buildSettings = {
				ALWAYS_SEARCH_USER_PATHS = NO;
				CLANG_ANALYZER_NONNULL = YES;
				CLANG_ANALYZER_NUMBER_OBJECT_CONVERSION = YES_AGGRESSIVE;
				CLANG_CXX_LANGUAGE_STANDARD = "gnu++14";
				CLANG_CXX_LIBRARY = "libc++";
				CLANG_ENABLE_MODULES = YES;
				CLANG_ENABLE_OBJC_ARC = YES;
				CLANG_ENABLE_OBJC_WEAK = YES;
				CLANG_WARN_BLOCK_CAPTURE_AUTORELEASING = YES;
				CLANG_WARN_BOOL_CONVERSION = YES;
				CLANG_WARN_COMMA = YES;
				CLANG_WARN_CONSTANT_CONVERSION = YES;
				CLANG_WARN_DEPRECATED_OBJC_IMPLEMENTATIONS = YES;
				CLANG_WARN_DIRECT_OBJC_ISA_USAGE = YES_ERROR;
				CLANG_WARN_DOCUMENTATION_COMMENTS = YES;
				CLANG_WARN_EMPTY_BODY = YES;
				CLANG_WARN_ENUM_CONVERSION = YES;
				CLANG_WARN_INFINITE_RECURSION = YES;
				CLANG_WARN_INT_CONVERSION = YES;
				CLANG_WARN_NON_LITERAL_NULL_CONVERSION = YES;
				CLANG_WARN_OBJC_IMPLICIT_RETAIN_SELF = YES;
				CLANG_WARN_OBJC_LITERAL_CONVERSION = YES;
				CLANG_WARN_OBJC_ROOT_CLASS = YES_ERROR;
				CLANG_WARN_RANGE_LOOP_ANALYSIS = YES;
				CLANG_WARN_STRICT_PROTOTYPES = YES;
				CLANG_WARN_SUSPICIOUS_MOVE = YES;
				CLANG_WARN_UNGUARDED_AVAILABILITY = YES_AGGRESSIVE;
				CLANG_WARN_UNREACHABLE_CODE = YES;
				CLANG_WARN__DUPLICATE_METHOD_MATCH = YES;
				COPY_PHASE_STRIP = NO;
				DEBUG_INFORMATION_FORMAT = "dwarf-with-dsym";
				ENABLE_NS_ASSERTIONS = NO;
				ENABLE_STRICT_OBJC_MSGSEND = YES;
				GCC_C_LANGUAGE_STANDARD = gnu11;
				GCC_NO_COMMON_BLOCKS = YES;
				GCC_WARN_64_TO_32_BIT_CONVERSION = YES;
				GCC_WARN_ABOUT_RETURN_TYPE = YES_ERROR;
				GCC_WARN_UNDECLARED_SELECTOR = YES;
				GCC_WARN_UNINITIALIZED_AUTOS = YES_AGGRESSIVE;
				GCC_WARN_UNUSED_FUNCTION = YES;
				GCC_WARN_UNUSED_VARIABLE = YES;
				IPHONEOS_DEPLOYMENT_TARGET = 13.6;
				MTL_ENABLE_DEBUG_INFO = NO;
				MTL_FAST_MATH = YES;
				SDKROOT = iphoneos;
				SWIFT_COMPILATION_MODE = wholemodule;
				SWIFT_OPTIMIZATION_LEVEL = "-O";
				VALIDATE_PRODUCT = YES;
			};
			name = Release;
		};
		95F164EE24F784B800843233 /* Debug */ = {
			isa = XCBuildConfiguration;
			buildSettings = {
				ASSETCATALOG_COMPILER_APPICON_NAME = AppIcon;
				CODE_SIGN_STYLE = Automatic;
				INFOPLIST_FILE = "flickr-room/Info.plist";
				LD_RUNPATH_SEARCH_PATHS = (
					"$(inherited)",
					"@executable_path/Frameworks",
				);
				PRODUCT_BUNDLE_IDENTIFIER = "com.phai-inta.flickr-room";
				PRODUCT_NAME = "$(TARGET_NAME)";
				SWIFT_VERSION = 5.0;
				TARGETED_DEVICE_FAMILY = "1,2";
			};
			name = Debug;
		};
		95F164EF24F784B800843233 /* Release */ = {
			isa = XCBuildConfiguration;
			buildSettings = {
				ASSETCATALOG_COMPILER_APPICON_NAME = AppIcon;
				CODE_SIGN_STYLE = Automatic;
				INFOPLIST_FILE = "flickr-room/Info.plist";
				LD_RUNPATH_SEARCH_PATHS = (
					"$(inherited)",
					"@executable_path/Frameworks",
				);
				PRODUCT_BUNDLE_IDENTIFIER = "com.phai-inta.flickr-room";
				PRODUCT_NAME = "$(TARGET_NAME)";
				SWIFT_VERSION = 5.0;
				TARGETED_DEVICE_FAMILY = "1,2";
			};
			name = Release;
		};
/* End XCBuildConfiguration section */

/* Begin XCConfigurationList section */
		9540155D25059B2A008643B6 /* Build configuration list for PBXNativeTarget "flickr-roomTests" */ = {
			isa = XCConfigurationList;
			buildConfigurations = (
				9540155E25059B2A008643B6 /* Debug */,
				9540155F25059B2A008643B6 /* Release */,
			);
			defaultConfigurationIsVisible = 0;
			defaultConfigurationName = Release;
		};
		95F164D424F784B700843233 /* Build configuration list for PBXProject "flickr-room" */ = {
			isa = XCConfigurationList;
			buildConfigurations = (
				95F164EB24F784B800843233 /* Debug */,
				95F164EC24F784B800843233 /* Release */,
			);
			defaultConfigurationIsVisible = 0;
			defaultConfigurationName = Release;
		};
		95F164ED24F784B800843233 /* Build configuration list for PBXNativeTarget "flickr-room" */ = {
			isa = XCConfigurationList;
			buildConfigurations = (
				95F164EE24F784B800843233 /* Debug */,
				95F164EF24F784B800843233 /* Release */,
			);
			defaultConfigurationIsVisible = 0;
			defaultConfigurationName = Release;
		};
/* End XCConfigurationList section */
	};
	rootObject = 95F164D124F784B700843233 /* Project object */;
}
